// !$*UTF8*$!
{
	archiveVersion = 1;
	classes = {
	};
	objectVersion = 50;
	objects = {

/* Begin PBXBuildFile section */
		1A0C53D820C78DF40037B6C9 /* AppDelegate.swift in Sources */ = {isa = PBXBuildFile; fileRef = 1A0C53D720C78DF40037B6C9 /* AppDelegate.swift */; };
		1A0C53DA20C78DF40037B6C9 /* ViewController.swift in Sources */ = {isa = PBXBuildFile; fileRef = 1A0C53D920C78DF40037B6C9 /* ViewController.swift */; };
		1A0C53DD20C78DF40037B6C9 /* Main.storyboard in Resources */ = {isa = PBXBuildFile; fileRef = 1A0C53DB20C78DF40037B6C9 /* Main.storyboard */; };
		1A0C53DF20C78DF40037B6C9 /* Assets.xcassets in Resources */ = {isa = PBXBuildFile; fileRef = 1A0C53DE20C78DF40037B6C9 /* Assets.xcassets */; };
		1A0C53E220C78DF40037B6C9 /* LaunchScreen.storyboard in Resources */ = {isa = PBXBuildFile; fileRef = 1A0C53E020C78DF40037B6C9 /* LaunchScreen.storyboard */; };
		1A0C53ED20C78DF40037B6C9 /* TwaddleTests.swift in Sources */ = {isa = PBXBuildFile; fileRef = 1A0C53EC20C78DF40037B6C9 /* TwaddleTests.swift */; };
/* End PBXBuildFile section */

/* Begin PBXContainerItemProxy section */
		1A0C53E920C78DF40037B6C9 /* PBXContainerItemProxy */ = {
			isa = PBXContainerItemProxy;
			containerPortal = 1A0C53CC20C78DF30037B6C9 /* Project object */;
			proxyType = 1;
			remoteGlobalIDString = 1A0C53D320C78DF30037B6C9;
			remoteInfo = Twaddle;
		};
/* End PBXContainerItemProxy section */

/* Begin PBXFileReference section */
		1A0C53D420C78DF40037B6C9 /* Twaddle.app */ = {isa = PBXFileReference; explicitFileType = wrapper.application; includeInIndex = 0; path = Twaddle.app; sourceTree = BUILT_PRODUCTS_DIR; };
		1A0C53D720C78DF40037B6C9 /* AppDelegate.swift */ = {isa = PBXFileReference; lastKnownFileType = sourcecode.swift; path = AppDelegate.swift; sourceTree = "<group>"; };
		1A0C53D920C78DF40037B6C9 /* ViewController.swift */ = {isa = PBXFileReference; lastKnownFileType = sourcecode.swift; path = ViewController.swift; sourceTree = "<group>"; };
		1A0C53DC20C78DF40037B6C9 /* Base */ = {isa = PBXFileReference; lastKnownFileType = file.storyboard; name = Base; path = Base.lproj/Main.storyboard; sourceTree = "<group>"; };
		1A0C53DE20C78DF40037B6C9 /* Assets.xcassets */ = {isa = PBXFileReference; lastKnownFileType = folder.assetcatalog; path = Assets.xcassets; sourceTree = "<group>"; };
		1A0C53E120C78DF40037B6C9 /* Base */ = {isa = PBXFileReference; lastKnownFileType = file.storyboard; name = Base; path = Base.lproj/LaunchScreen.storyboard; sourceTree = "<group>"; };
		1A0C53E320C78DF40037B6C9 /* Info.plist */ = {isa = PBXFileReference; lastKnownFileType = text.plist.xml; path = Info.plist; sourceTree = "<group>"; };
		1A0C53E820C78DF40037B6C9 /* TwaddleTests.xctest */ = {isa = PBXFileReference; explicitFileType = wrapper.cfbundle; includeInIndex = 0; path = TwaddleTests.xctest; sourceTree = BUILT_PRODUCTS_DIR; };
		1A0C53EC20C78DF40037B6C9 /* TwaddleTests.swift */ = {isa = PBXFileReference; lastKnownFileType = sourcecode.swift; path = TwaddleTests.swift; sourceTree = "<group>"; };
		1A0C53EE20C78DF40037B6C9 /* Info.plist */ = {isa = PBXFileReference; lastKnownFileType = text.plist.xml; path = Info.plist; sourceTree = "<group>"; };
/* End PBXFileReference section */

/* Begin PBXFrameworksBuildPhase section */
		1A0C53D120C78DF30037B6C9 /* Frameworks */ = {
			isa = PBXFrameworksBuildPhase;
			buildActionMask = 2147483647;
			files = (
			);
			runOnlyForDeploymentPostprocessing = 0;
		};
		1A0C53E520C78DF40037B6C9 /* Frameworks */ = {
			isa = PBXFrameworksBuildPhase;
			buildActionMask = 2147483647;
			files = (
			);
			runOnlyForDeploymentPostprocessing = 0;
		};
/* End PBXFrameworksBuildPhase section */

/* Begin PBXGroup section */
		1A0C53CB20C78DF30037B6C9 = {
			isa = PBXGroup;
			children = (
				1A0C53D620C78DF40037B6C9 /* Twaddle */,
				1A0C53EB20C78DF40037B6C9 /* TwaddleTests */,
				1A0C53D520C78DF40037B6C9 /* Products */,
			);
			sourceTree = "<group>";
		};
		1A0C53D520C78DF40037B6C9 /* Products */ = {
			isa = PBXGroup;
			children = (
				1A0C53D420C78DF40037B6C9 /* Twaddle.app */,
				1A0C53E820C78DF40037B6C9 /* TwaddleTests.xctest */,
			);
			name = Products;
			sourceTree = "<group>";
		};
		1A0C53D620C78DF40037B6C9 /* Twaddle */ = {
			isa = PBXGroup;
			children = (
				1A0C53D720C78DF40037B6C9 /* AppDelegate.swift */,
				1A0C53D920C78DF40037B6C9 /* ViewController.swift */,
				1A0C53DB20C78DF40037B6C9 /* Main.storyboard */,
				1A0C53DE20C78DF40037B6C9 /* Assets.xcassets */,
				1A0C53E020C78DF40037B6C9 /* LaunchScreen.storyboard */,
				1A0C53E320C78DF40037B6C9 /* Info.plist */,
			);
			path = Twaddle;
			sourceTree = "<group>";
		};
		1A0C53EB20C78DF40037B6C9 /* TwaddleTests */ = {
			isa = PBXGroup;
			children = (
				1A0C53EC20C78DF40037B6C9 /* TwaddleTests.swift */,
				1A0C53EE20C78DF40037B6C9 /* Info.plist */,
			);
			path = TwaddleTests;
			sourceTree = "<group>";
		};
/* End PBXGroup section */

/* Begin PBXNativeTarget section */
		1A0C53D320C78DF30037B6C9 /* Twaddle */ = {
			isa = PBXNativeTarget;
			buildConfigurationList = 1A0C53F120C78DF40037B6C9 /* Build configuration list for PBXNativeTarget "Twaddle" */;
			buildPhases = (
				1A0C53D020C78DF30037B6C9 /* Sources */,
				1A0C53D120C78DF30037B6C9 /* Frameworks */,
				1A0C53D220C78DF30037B6C9 /* Resources */,
			);
			buildRules = (
			);
			dependencies = (
			);
			name = Twaddle;
			productName = Twaddle;
			productReference = 1A0C53D420C78DF40037B6C9 /* Twaddle.app */;
			productType = "com.apple.product-type.application";
		};
		1A0C53E720C78DF40037B6C9 /* TwaddleTests */ = {
			isa = PBXNativeTarget;
			buildConfigurationList = 1A0C53F420C78DF40037B6C9 /* Build configuration list for PBXNativeTarget "TwaddleTests" */;
			buildPhases = (
				1A0C53E420C78DF40037B6C9 /* Sources */,
				1A0C53E520C78DF40037B6C9 /* Frameworks */,
				1A0C53E620C78DF40037B6C9 /* Resources */,
			);
			buildRules = (
			);
			dependencies = (
				1A0C53EA20C78DF40037B6C9 /* PBXTargetDependency */,
			);
			name = TwaddleTests;
			productName = TwaddleTests;
			productReference = 1A0C53E820C78DF40037B6C9 /* TwaddleTests.xctest */;
			productType = "com.apple.product-type.bundle.unit-test";
		};
/* End PBXNativeTarget section */

/* Begin PBXProject section */
		1A0C53CC20C78DF30037B6C9 /* Project object */ = {
			isa = PBXProject;
			attributes = {
				LastSwiftUpdateCheck = 0940;
				LastUpgradeCheck = 0940;
				ORGANIZATIONNAME = "James Campbell";
				TargetAttributes = {
					1A0C53D320C78DF30037B6C9 = {
						CreatedOnToolsVersion = 9.4;
					};
					1A0C53E720C78DF40037B6C9 = {
						CreatedOnToolsVersion = 9.4;
						TestTargetID = 1A0C53D320C78DF30037B6C9;
					};
				};
			};
			buildConfigurationList = 1A0C53CF20C78DF30037B6C9 /* Build configuration list for PBXProject "Twaddle" */;
			compatibilityVersion = "Xcode 9.3";
			developmentRegion = en;
			hasScannedForEncodings = 0;
			knownRegions = (
				en,
				Base,
			);
			mainGroup = 1A0C53CB20C78DF30037B6C9;
			productRefGroup = 1A0C53D520C78DF40037B6C9 /* Products */;
			projectDirPath = "";
			projectRoot = "";
			targets = (
				1A0C53D320C78DF30037B6C9 /* Twaddle */,
				1A0C53E720C78DF40037B6C9 /* TwaddleTests */,
			);
		};
/* End PBXProject section */

/* Begin PBXResourcesBuildPhase section */
		1A0C53D220C78DF30037B6C9 /* Resources */ = {
			isa = PBXResourcesBuildPhase;
			buildActionMask = 2147483647;
			files = (
				1A0C53E220C78DF40037B6C9 /* LaunchScreen.storyboard in Resources */,
				1A0C53DF20C78DF40037B6C9 /* Assets.xcassets in Resources */,
				1A0C53DD20C78DF40037B6C9 /* Main.storyboard in Resources */,
			);
			runOnlyForDeploymentPostprocessing = 0;
		};
		1A0C53E620C78DF40037B6C9 /* Resources */ = {
			isa = PBXResourcesBuildPhase;
			buildActionMask = 2147483647;
			files = (
			);
			runOnlyForDeploymentPostprocessing = 0;
		};
/* End PBXResourcesBuildPhase section */

/* Begin PBXSourcesBuildPhase section */
		1A0C53D020C78DF30037B6C9 /* Sources */ = {
			isa = PBXSourcesBuildPhase;
			buildActionMask = 2147483647;
			files = (
				1A0C53DA20C78DF40037B6C9 /* ViewController.swift in Sources */,
				1A0C53D820C78DF40037B6C9 /* AppDelegate.swift in Sources */,
			);
			runOnlyForDeploymentPostprocessing = 0;
		};
		1A0C53E420C78DF40037B6C9 /* Sources */ = {
			isa = PBXSourcesBuildPhase;
			buildActionMask = 2147483647;
			files = (
				1A0C53ED20C78DF40037B6C9 /* TwaddleTests.swift in Sources */,
			);
			runOnlyForDeploymentPostprocessing = 0;
		};
/* End PBXSourcesBuildPhase section */

/* Begin PBXTargetDependency section */
		1A0C53EA20C78DF40037B6C9 /* PBXTargetDependency */ = {
			isa = PBXTargetDependency;
			target = 1A0C53D320C78DF30037B6C9 /* Twaddle */;
			targetProxy = 1A0C53E920C78DF40037B6C9 /* PBXContainerItemProxy */;
		};
/* End PBXTargetDependency section */

/* Begin PBXVariantGroup section */
		1A0C53DB20C78DF40037B6C9 /* Main.storyboard */ = {
			isa = PBXVariantGroup;
			children = (
				1A0C53DC20C78DF40037B6C9 /* Base */,
			);
			name = Main.storyboard;
			sourceTree = "<group>";
		};
		1A0C53E020C78DF40037B6C9 /* LaunchScreen.storyboard */ = {
			isa = PBXVariantGroup;
			children = (
				1A0C53E120C78DF40037B6C9 /* Base */,
			);
			name = LaunchScreen.storyboard;
			sourceTree = "<group>";
		};
/* End PBXVariantGroup section */

/* Begin XCBuildConfiguration section */
		1A0C53EF20C78DF40037B6C9 /* Debug */ = {
			isa = XCBuildConfiguration;
			buildSettings = {
				ALWAYS_SEARCH_USER_PATHS = NO;
				CLANG_ANALYZER_NONNULL = YES;
				CLANG_ANALYZER_NUMBER_OBJECT_CONVERSION = YES_AGGRESSIVE;
				CLANG_CXX_LANGUAGE_STANDARD = "gnu++14";
				CLANG_CXX_LIBRARY = "libc++";
				CLANG_ENABLE_MODULES = YES;
				CLANG_ENABLE_OBJC_ARC = YES;
				CLANG_ENABLE_OBJC_WEAK = YES;
				CLANG_WARN_BLOCK_CAPTURE_AUTORELEASING = YES;
				CLANG_WARN_BOOL_CONVERSION = YES;
				CLANG_WARN_COMMA = YES;
				CLANG_WARN_CONSTANT_CONVERSION = YES;
				CLANG_WARN_DEPRECATED_OBJC_IMPLEMENTATIONS = YES;
				CLANG_WARN_DIRECT_OBJC_ISA_USAGE = YES_ERROR;
				CLANG_WARN_DOCUMENTATION_COMMENTS = YES;
				CLANG_WARN_EMPTY_BODY = YES;
				CLANG_WARN_ENUM_CONVERSION = YES;
				CLANG_WARN_INFINITE_RECURSION = YES;
				CLANG_WARN_INT_CONVERSION = YES;
				CLANG_WARN_NON_LITERAL_NULL_CONVERSION = YES;
				CLANG_WARN_OBJC_IMPLICIT_RETAIN_SELF = YES;
				CLANG_WARN_OBJC_LITERAL_CONVERSION = YES;
				CLANG_WARN_OBJC_ROOT_CLASS = YES_ERROR;
				CLANG_WARN_RANGE_LOOP_ANALYSIS = YES;
				CLANG_WARN_STRICT_PROTOTYPES = YES;
				CLANG_WARN_SUSPICIOUS_MOVE = YES;
				CLANG_WARN_UNGUARDED_AVAILABILITY = YES_AGGRESSIVE;
				CLANG_WARN_UNREACHABLE_CODE = YES;
				CLANG_WARN__DUPLICATE_METHOD_MATCH = YES;
				CODE_SIGN_IDENTITY = "iPhone Developer";
				COPY_PHASE_STRIP = NO;
				DEBUG_INFORMATION_FORMAT = dwarf;
				ENABLE_STRICT_OBJC_MSGSEND = YES;
				ENABLE_TESTABILITY = YES;
				GCC_C_LANGUAGE_STANDARD = gnu11;
				GCC_DYNAMIC_NO_PIC = NO;
				GCC_NO_COMMON_BLOCKS = YES;
				GCC_OPTIMIZATION_LEVEL = 0;
				GCC_PREPROCESSOR_DEFINITIONS = (
					"DEBUG=1",
					"$(inherited)",
				);
				GCC_WARN_64_TO_32_BIT_CONVERSION = YES;
				GCC_WARN_ABOUT_RETURN_TYPE = YES_ERROR;
				GCC_WARN_UNDECLARED_SELECTOR = YES;
				GCC_WARN_UNINITIALIZED_AUTOS = YES_AGGRESSIVE;
				GCC_WARN_UNUSED_FUNCTION = YES;
				GCC_WARN_UNUSED_VARIABLE = YES;
				IPHONEOS_DEPLOYMENT_TARGET = 11.4;
				MTL_ENABLE_DEBUG_INFO = YES;
				ONLY_ACTIVE_ARCH = YES;
				SDKROOT = iphoneos;
				SWIFT_ACTIVE_COMPILATION_CONDITIONS = DEBUG;
				SWIFT_OPTIMIZATION_LEVEL = "-Onone";
			};
			name = Debug;
		};
		1A0C53F020C78DF40037B6C9 /* Release */ = {
			isa = XCBuildConfiguration;
			buildSettings = {
				ALWAYS_SEARCH_USER_PATHS = NO;
				CLANG_ANALYZER_NONNULL = YES;
				CLANG_ANALYZER_NUMBER_OBJECT_CONVERSION = YES_AGGRESSIVE;
				CLANG_CXX_LANGUAGE_STANDARD = "gnu++14";
				CLANG_CXX_LIBRARY = "libc++";
				CLANG_ENABLE_MODULES = YES;
				CLANG_ENABLE_OBJC_ARC = YES;
				CLANG_ENABLE_OBJC_WEAK = YES;
				CLANG_WARN_BLOCK_CAPTURE_AUTORELEASING = YES;
				CLANG_WARN_BOOL_CONVERSION = YES;
				CLANG_WARN_COMMA = YES;
				CLANG_WARN_CONSTANT_CONVERSION = YES;
				CLANG_WARN_DEPRECATED_OBJC_IMPLEMENTATIONS = YES;
				CLANG_WARN_DIRECT_OBJC_ISA_USAGE = YES_ERROR;
				CLANG_WARN_DOCUMENTATION_COMMENTS = YES;
				CLANG_WARN_EMPTY_BODY = YES;
				CLANG_WARN_ENUM_CONVERSION = YES;
				CLANG_WARN_INFINITE_RECURSION = YES;
				CLANG_WARN_INT_CONVERSION = YES;
				CLANG_WARN_NON_LITERAL_NULL_CONVERSION = YES;
				CLANG_WARN_OBJC_IMPLICIT_RETAIN_SELF = YES;
				CLANG_WARN_OBJC_LITERAL_CONVERSION = YES;
				CLANG_WARN_OBJC_ROOT_CLASS = YES_ERROR;
				CLANG_WARN_RANGE_LOOP_ANALYSIS = YES;
				CLANG_WARN_STRICT_PROTOTYPES = YES;
				CLANG_WARN_SUSPICIOUS_MOVE = YES;
				CLANG_WARN_UNGUARDED_AVAILABILITY = YES_AGGRESSIVE;
				CLANG_WARN_UNREACHABLE_CODE = YES;
				CLANG_WARN__DUPLICATE_METHOD_MATCH = YES;
				CODE_SIGN_IDENTITY = "iPhone Developer";
				COPY_PHASE_STRIP = NO;
				DEBUG_INFORMATION_FORMAT = "dwarf-with-dsym";
				ENABLE_NS_ASSERTIONS = NO;
				ENABLE_STRICT_OBJC_MSGSEND = YES;
				GCC_C_LANGUAGE_STANDARD = gnu11;
				GCC_NO_COMMON_BLOCKS = YES;
				GCC_WARN_64_TO_32_BIT_CONVERSION = YES;
				GCC_WARN_ABOUT_RETURN_TYPE = YES_ERROR;
				GCC_WARN_UNDECLARED_SELECTOR = YES;
				GCC_WARN_UNINITIALIZED_AUTOS = YES_AGGRESSIVE;
				GCC_WARN_UNUSED_FUNCTION = YES;
				GCC_WARN_UNUSED_VARIABLE = YES;
				IPHONEOS_DEPLOYMENT_TARGET = 11.4;
				MTL_ENABLE_DEBUG_INFO = NO;
				SDKROOT = iphoneos;
				SWIFT_COMPILATION_MODE = wholemodule;
				SWIFT_OPTIMIZATION_LEVEL = "-O";
				VALIDATE_PRODUCT = YES;
			};
			name = Release;
		};
		1A0C53F220C78DF40037B6C9 /* Debug */ = {
			isa = XCBuildConfiguration;
			buildSettings = {
				ASSETCATALOG_COMPILER_APPICON_NAME = AppIcon;
				CODE_SIGN_STYLE = Automatic;
				INFOPLIST_FILE = Twaddle/Info.plist;
				LD_RUNPATH_SEARCH_PATHS = (
					"$(inherited)",
					"@executable_path/Frameworks",
				);
				PRODUCT_BUNDLE_IDENTIFIER = com.Example.Twaddle;
				PRODUCT_NAME = "$(TARGET_NAME)";
				SWIFT_VERSION = 4.0;
				TARGETED_DEVICE_FAMILY = "1,2";
			};
			name = Debug;
		};
		1A0C53F320C78DF40037B6C9 /* Release */ = {
			isa = XCBuildConfiguration;
			buildSettings = {
				ASSETCATALOG_COMPILER_APPICON_NAME = AppIcon;
				CODE_SIGN_STYLE = Automatic;
				INFOPLIST_FILE = Twaddle/Info.plist;
				LD_RUNPATH_SEARCH_PATHS = (
					"$(inherited)",
					"@executable_path/Frameworks",
				);
				PRODUCT_BUNDLE_IDENTIFIER = com.Example.Twaddle;
				PRODUCT_NAME = "$(TARGET_NAME)";
				SWIFT_VERSION = 4.0;
				TARGETED_DEVICE_FAMILY = "1,2";
			};
			name = Release;
		};
		1A0C53F520C78DF40037B6C9 /* Debug */ = {
			isa = XCBuildConfiguration;
			buildSettings = {
				ALWAYS_EMBED_SWIFT_STANDARD_LIBRARIES = YES;
				BUNDLE_LOADER = "$(TEST_HOST)";
				CODE_SIGN_STYLE = Automatic;
				INFOPLIST_FILE = TwaddleTests/Info.plist;
				LD_RUNPATH_SEARCH_PATHS = (
					"$(inherited)",
					"@executable_path/Frameworks",
					"@loader_path/Frameworks",
				);
				PRODUCT_BUNDLE_IDENTIFIER = com.Example.TwaddleTests;
				PRODUCT_NAME = "$(TARGET_NAME)";
				SWIFT_VERSION = 4.0;
				TARGETED_DEVICE_FAMILY = "1,2";
				TEST_HOST = "$(BUILT_PRODUCTS_DIR)/Twaddle.app/Twaddle";
			};
			name = Debug;
		};
		1A0C53F620C78DF40037B6C9 /* Release */ = {
			isa = XCBuildConfiguration;
			buildSettings = {
				ALWAYS_EMBED_SWIFT_STANDARD_LIBRARIES = YES;
				BUNDLE_LOADER = "$(TEST_HOST)";
				CODE_SIGN_STYLE = Automatic;
				INFOPLIST_FILE = TwaddleTests/Info.plist;
				LD_RUNPATH_SEARCH_PATHS = (
					"$(inherited)",
					"@executable_path/Frameworks",
					"@loader_path/Frameworks",
				);
				PRODUCT_BUNDLE_IDENTIFIER = com.Example.TwaddleTests;
				PRODUCT_NAME = "$(TARGET_NAME)";
				SWIFT_VERSION = 4.0;
				TARGETED_DEVICE_FAMILY = "1,2";
				TEST_HOST = "$(BUILT_PRODUCTS_DIR)/Twaddle.app/Twaddle";
			};
			name = Release;
		};
/* End XCBuildConfiguration section */

/* Begin XCConfigurationList section */
		1A0C53CF20C78DF30037B6C9 /* Build configuration list for PBXProject "Twaddle" */ = {
			isa = XCConfigurationList;
			buildConfigurations = (
				1A0C53EF20C78DF40037B6C9 /* Debug */,
				1A0C53F020C78DF40037B6C9 /* Release */,
			);
			defaultConfigurationIsVisible = 0;
			defaultConfigurationName = Release;
		};
		1A0C53F120C78DF40037B6C9 /* Build configuration list for PBXNativeTarget "Twaddle" */ = {
			isa = XCConfigurationList;
			buildConfigurations = (
				1A0C53F220C78DF40037B6C9 /* Debug */,
				1A0C53F320C78DF40037B6C9 /* Release */,
			);
			defaultConfigurationIsVisible = 0;
			defaultConfigurationName = Release;
		};
		1A0C53F420C78DF40037B6C9 /* Build configuration list for PBXNativeTarget "TwaddleTests" */ = {
			isa = XCConfigurationList;
			buildConfigurations = (
				1A0C53F520C78DF40037B6C9 /* Debug */,
				1A0C53F620C78DF40037B6C9 /* Release */,
			);
			defaultConfigurationIsVisible = 0;
			defaultConfigurationName = Release;
		};
/* End XCConfigurationList section */
	};
	rootObject = 1A0C53CC20C78DF30037B6C9 /* Project object */;
}
